
Microsoft Visual Studio Solution File, Format Version 12.00
# Visual Studio Version 16
VisualStudioVersion = 16.0.32106.194
MinimumVisualStudioVersion = 10.0.40219.1
Project("{FAE04EC0-301F-11D3-BF4B-00C04F79EFBC}") = "FigurenConsole", "FigurenConsole\FigurenConsole.csproj", "{E5750B75-E59A-43FA-A5A2-715B38C0B3FD}"
EndProject
Project("{FAE04EC0-301F-11D3-BF4B-00C04F79EFBC}") = "Tests", "Tests\Tests.csproj", "{95036C66-4F84-43DB-8489-ADC5A7B30F79}"
EndProject
Global
	GlobalSection(SolutionConfigurationPlatforms) = preSolution
		Debug|Any CPU = Debug|Any CPU
		Release|Any CPU = Release|Any CPU
	EndGlobalSection
	GlobalSection(ProjectConfigurationPlatforms) = postSolution
		{E5750B75-E59A-43FA-A5A2-715B38C0B3FD}.Debug|Any CPU.ActiveCfg = Debug|Any CPU
		{E5750B75-E59A-43FA-A5A2-715B38C0B3FD}.Debug|Any CPU.Build.0 = Debug|Any CPU
		{E5750B75-E59A-43FA-A5A2-715B38C0B3FD}.Release|Any CPU.ActiveCfg = Release|Any CPU
		{E5750B75-E59A-43FA-A5A2-715B38C0B3FD}.Release|Any CPU.Build.0 = Release|Any CPU
		{95036C66-4F84-43DB-8489-ADC5A7B30F79}.Debug|Any CPU.ActiveCfg = Debug|Any CPU
		{95036C66-4F84-43DB-8489-ADC5A7B30F79}.Debug|Any CPU.Build.0 = Debug|Any CPU
		{95036C66-4F84-43DB-8489-ADC5A7B30F79}.Release|Any CPU.ActiveCfg = Release|Any CPU
		{95036C66-4F84-43DB-8489-ADC5A7B30F79}.Release|Any CPU.Build.0 = Release|Any CPU
	EndGlobalSection
	GlobalSection(SolutionProperties) = preSolution
		HideSolutionNode = FALSE
	EndGlobalSection
	GlobalSection(ExtensibilityGlobals) = postSolution
		SolutionGuid = {30941301-41AD-46E0-A6E7-1C44EE297CCB}
	EndGlobalSection
EndGlobal
